Microsoft Visual Studio Solution File, Format Version 12.00
# Visual Studio Version 17
VisualStudioVersion = 17.5.2.0
MinimumVisualStudioVersion = 10.0.40219.1
Project("{FAE04EC0-301F-11D3-BF4B-00C04F79EFBC}") = "Coacher.Backend.Application", "Coacher.Backend.Application\Coacher.Backend.Application.csproj", "{29DAE822-88A3-4366-82E6-C1A04CE0F7A2}"
EndProject
Project("{FAE04EC0-301F-11D3-BF4B-00C04F79EFBC}") = "Coacher.Backend.Contracts", "Coacher.Backend.Contracts\Coacher.Backend.Contracts.csproj", "{1F520523-1AA7-4B1C-9314-94331A4682AC}"
EndProject
Project("{FAE04EC0-301F-11D3-BF4B-00C04F79EFBC}") = "Coacher.Backend.Domain", "Coacher.Backend.Domain\Coacher.Backend.Domain.csproj", "{AE7E61F0-EF15-402F-887C-C3C80743D310}"
EndProject
Project("{FAE04EC0-301F-11D3-BF4B-00C04F79EFBC}") = "Coacher.Backend.WebAPI", "Coacher.Backend.WebAPI\Coacher.Backend.WebAPI.csproj", "{730D9E5B-497D-41EB-A5C3-335E4169E4E2}"
EndProject
Global
	GlobalSection(SolutionConfigurationPlatforms) = preSolution
		Debug|Any CPU = Debug|Any CPU
		Release|Any CPU = Release|Any CPU
	EndGlobalSection
	GlobalSection(ProjectConfigurationPlatforms) = postSolution
		{29DAE822-88A3-4366-82E6-C1A04CE0F7A2}.Debug|Any CPU.ActiveCfg = Debug|Any CPU
		{29DAE822-88A3-4366-82E6-C1A04CE0F7A2}.Debug|Any CPU.Build.0 = Debug|Any CPU
		{29DAE822-88A3-4366-82E6-C1A04CE0F7A2}.Release|Any CPU.ActiveCfg = Release|Any CPU
		{29DAE822-88A3-4366-82E6-C1A04CE0F7A2}.Release|Any CPU.Build.0 = Release|Any CPU
		{1F520523-1AA7-4B1C-9314-94331A4682AC}.Debug|Any CPU.ActiveCfg = Debug|Any CPU
		{1F520523-1AA7-4B1C-9314-94331A4682AC}.Debug|Any CPU.Build.0 = Debug|Any CPU
		{1F520523-1AA7-4B1C-9314-94331A4682AC}.Release|Any CPU.ActiveCfg = Release|Any CPU
		{1F520523-1AA7-4B1C-9314-94331A4682AC}.Release|Any CPU.Build.0 = Release|Any CPU
		{AE7E61F0-EF15-402F-887C-C3C80743D310}.Debug|Any CPU.ActiveCfg = Debug|Any CPU
		{AE7E61F0-EF15-402F-887C-C3C80743D310}.Debug|Any CPU.Build.0 = Debug|Any CPU
		{AE7E61F0-EF15-402F-887C-C3C80743D310}.Release|Any CPU.ActiveCfg = Release|Any CPU
		{AE7E61F0-EF15-402F-887C-C3C80743D310}.Release|Any CPU.Build.0 = Release|Any CPU
		{730D9E5B-497D-41EB-A5C3-335E4169E4E2}.Debug|Any CPU.ActiveCfg = Debug|Any CPU
		{730D9E5B-497D-41EB-A5C3-335E4169E4E2}.Debug|Any CPU.Build.0 = Debug|Any CPU
		{730D9E5B-497D-41EB-A5C3-335E4169E4E2}.Release|Any CPU.ActiveCfg = Release|Any CPU
		{730D9E5B-497D-41EB-A5C3-335E4169E4E2}.Release|Any CPU.Build.0 = Release|Any CPU
	EndGlobalSection
	GlobalSection(SolutionProperties) = preSolution
		HideSolutionNode = FALSE
	EndGlobalSection
	GlobalSection(ExtensibilityGlobals) = postSolution
		SolutionGuid = {A43C1203-A402-4DA1-B8A1-37DCB813D300}
	EndGlobalSection
EndGlobal
